{
  "originHash" : "5ca5e12114fc157feade3b289d0bfb8750088ac7db2c7ea215fe9315ec2aed4e",
  "pins" : [
    {
      "identity" : "sentry-cocoa",
      "kind" : "remoteSourceControl",
      "location" : "https://github.com/getsentry/sentry-cocoa.git",
      "state" : {
        "revision" : "d9df1c4e8d8466c7f8b3c56150378927dadf1b8e",
        "version" : "9.29.0"
      }
    }
  ],
  "version" : 3
}
