// !$*UTF8*$!
{
	archiveVersion = 1;
	objectVersion = 77;
	objects = {

/* Begin PBXBuildFile section */
		A10000000000000000000001 /* GlomoPayExampleApp.swift in Sources */ = {isa = PBXBuildFile; fileRef = A20000000000000000000001 /* GlomoPayExampleApp.swift */; };
		A10000000000000000000002 /* ContentView.swift in Sources */ = {isa = PBXBuildFile; fileRef = A20000000000000000000002 /* ContentView.swift */; };
		A10000000000000000000003 /* GlomoPaySDK in Frameworks */ = {isa = PBXBuildFile; productRef = A60000000000000000000001 /* GlomoPaySDK */; };
		A10000000000000000000004 /* CheckoutTesterViewModel.swift in Sources */ = {isa = PBXBuildFile; fileRef = A20000000000000000000005 /* CheckoutTesterViewModel.swift */; };
		A10000000000000000000005 /* ViewControllerResolver.swift in Sources */ = {isa = PBXBuildFile; fileRef = A20000000000000000000006 /* ViewControllerResolver.swift */; };
/* End PBXBuildFile section */

/* Begin PBXFileReference section */
		A20000000000000000000001 /* GlomoPayExampleApp.swift */ = {isa = PBXFileReference; lastKnownFileType = sourcecode.swift; path = GlomoPayExampleApp.swift; sourceTree = "<group>"; };
		A20000000000000000000002 /* ContentView.swift */ = {isa = PBXFileReference; lastKnownFileType = sourcecode.swift; path = ContentView.swift; sourceTree = "<group>"; };
		A20000000000000000000003 /* Info.plist */ = {isa = PBXFileReference; lastKnownFileType = text.plist.xml; path = Info.plist; sourceTree = "<group>"; };
		A20000000000000000000004 /* GlomoPayExample.app */ = {isa = PBXFileReference; explicitFileType = wrapper.application; includeInIndex = 0; path = GlomoPayExample.app; sourceTree = BUILT_PRODUCTS_DIR; };
		A20000000000000000000005 /* CheckoutTesterViewModel.swift */ = {isa = PBXFileReference; lastKnownFileType = sourcecode.swift; path = CheckoutTesterViewModel.swift; sourceTree = "<group>"; };
		A20000000000000000000006 /* ViewControllerResolver.swift */ = {isa = PBXFileReference; lastKnownFileType = sourcecode.swift; path = ViewControllerResolver.swift; sourceTree = "<group>"; };
/* End PBXFileReference section */

/* Begin PBXFrameworksBuildPhase section */
		A30000000000000000000001 /* Frameworks */ = {
			isa = PBXFrameworksBuildPhase;
			buildActionMask = 2147483647;
			files = (A10000000000000000000003 /* GlomoPaySDK in Frameworks */,);
			runOnlyForDeploymentPostprocessing = 0;
		};
/* End PBXFrameworksBuildPhase section */

/* Begin PBXGroup section */
		A40000000000000000000001 = {
			isa = PBXGroup;
			children = (A40000000000000000000002 /* GlomoPayExample */, A40000000000000000000003 /* Products */);
			sourceTree = "<group>";
		};
		A40000000000000000000002 /* GlomoPayExample */ = {
			isa = PBXGroup;
			children = (A20000000000000000000001 /* GlomoPayExampleApp.swift */, A20000000000000000000002 /* ContentView.swift */, A20000000000000000000005 /* CheckoutTesterViewModel.swift */, A20000000000000000000006 /* ViewControllerResolver.swift */, A20000000000000000000003 /* Info.plist */);
			path = GlomoPayExample;
			sourceTree = "<group>";
		};
		A40000000000000000000003 /* Products */ = {isa = PBXGroup; children = (A20000000000000000000004 /* GlomoPayExample.app */); name = Products; sourceTree = "<group>"; };
/* End PBXGroup section */

/* Begin PBXNativeTarget section */
		A50000000000000000000001 /* GlomoPayExample */ = {
			isa = PBXNativeTarget;
			buildConfigurationList = A70000000000000000000002 /* Build configuration list for PBXNativeTarget "GlomoPayExample" */;
			buildPhases = (A30000000000000000000002 /* Sources */, A30000000000000000000001 /* Frameworks */, A30000000000000000000003 /* Resources */);
			buildRules = ();
			dependencies = ();
			name = GlomoPayExample;
			packageProductDependencies = (A60000000000000000000001 /* GlomoPaySDK */,);
			productName = GlomoPayExample;
			productReference = A20000000000000000000004 /* GlomoPayExample.app */;
			productType = "com.apple.product-type.application";
		};
/* End PBXNativeTarget section */

/* Begin PBXProject section */
		A50000000000000000000002 /* Project object */ = {
			isa = PBXProject;
			buildConfigurationList = A70000000000000000000001 /* Build configuration list for PBXProject "GlomoPayExample" */;
			compatibilityVersion = "Xcode 16.0";
			developmentRegion = en;
			hasScannedForEncodings = 0;
			knownRegions = (en, Base);
			mainGroup = A40000000000000000000001;
			packageReferences = (A80000000000000000000001 /* XCLocalSwiftPackageReference ".." */,);
			productRefGroup = A40000000000000000000003 /* Products */;
			projectDirPath = "";
			projectRoot = "";
			targets = (A50000000000000000000001 /* GlomoPayExample */,);
		};
/* End PBXProject section */

/* Begin PBXResourcesBuildPhase section */
		A30000000000000000000003 /* Resources */ = {isa = PBXResourcesBuildPhase; buildActionMask = 2147483647; files = (); runOnlyForDeploymentPostprocessing = 0; };
/* End PBXResourcesBuildPhase section */

/* Begin PBXSourcesBuildPhase section */
		A30000000000000000000002 /* Sources */ = {isa = PBXSourcesBuildPhase; buildActionMask = 2147483647; files = (A10000000000000000000001 /* GlomoPayExampleApp.swift in Sources */, A10000000000000000000002 /* ContentView.swift in Sources */, A10000000000000000000004 /* CheckoutTesterViewModel.swift in Sources */, A10000000000000000000005 /* ViewControllerResolver.swift in Sources */); runOnlyForDeploymentPostprocessing = 0; };
/* End PBXSourcesBuildPhase section */

/* Begin XCBuildConfiguration section */
		A70000000000000000000003 /* Debug */ = {isa = XCBuildConfiguration; buildSettings = { ALWAYS_SEARCH_USER_PATHS = NO; CLANG_ENABLE_MODULES = YES; IPHONEOS_DEPLOYMENT_TARGET = 15.0; SDKROOT = iphoneos; SWIFT_VERSION = 5.0; }; name = Debug; };
		A70000000000000000000004 /* Release */ = {isa = XCBuildConfiguration; buildSettings = { ALWAYS_SEARCH_USER_PATHS = NO; CLANG_ENABLE_MODULES = YES; IPHONEOS_DEPLOYMENT_TARGET = 15.0; SDKROOT = iphoneos; SWIFT_VERSION = 5.0; }; name = Release; };
		A70000000000000000000005 /* Debug */ = {isa = XCBuildConfiguration; buildSettings = { ASSETCATALOG_COMPILER_APPICON_NAME = AppIcon; CURRENT_PROJECT_VERSION = 1; GENERATE_INFOPLIST_FILE = NO; INFOPLIST_FILE = GlomoPayExample/Info.plist; IPHONEOS_DEPLOYMENT_TARGET = 15.0; PRODUCT_BUNDLE_IDENTIFIER = com.glomopay.example; PRODUCT_NAME = "$(TARGET_NAME)"; SWIFT_VERSION = 5.0; TARGETED_DEVICE_FAMILY = "1,2"; }; name = Debug; };
		A70000000000000000000006 /* Release */ = {isa = XCBuildConfiguration; buildSettings = { ASSETCATALOG_COMPILER_APPICON_NAME = AppIcon; CURRENT_PROJECT_VERSION = 1; GENERATE_INFOPLIST_FILE = NO; INFOPLIST_FILE = GlomoPayExample/Info.plist; IPHONEOS_DEPLOYMENT_TARGET = 15.0; PRODUCT_BUNDLE_IDENTIFIER = com.glomopay.example; PRODUCT_NAME = "$(TARGET_NAME)"; SWIFT_VERSION = 5.0; TARGETED_DEVICE_FAMILY = "1,2"; }; name = Release; };
/* End XCBuildConfiguration section */

/* Begin XCConfigurationList section */
		A70000000000000000000001 /* Build configuration list for PBXProject "GlomoPayExample" */ = {isa = XCConfigurationList; buildConfigurations = (A70000000000000000000003 /* Debug */, A70000000000000000000004 /* Release */); defaultConfigurationIsVisible = 0; defaultConfigurationName = Release; };
		A70000000000000000000002 /* Build configuration list for PBXNativeTarget "GlomoPayExample" */ = {isa = XCConfigurationList; buildConfigurations = (A70000000000000000000005 /* Debug */, A70000000000000000000006 /* Release */); defaultConfigurationIsVisible = 0; defaultConfigurationName = Release; };
/* End XCConfigurationList section */

/* Begin XCLocalSwiftPackageReference section */
		A80000000000000000000001 /* XCLocalSwiftPackageReference "../glomopay-ios-sdk" */ = {isa = XCLocalSwiftPackageReference; relativePath = ../glomopay-ios-sdk; };
/* End XCLocalSwiftPackageReference section */

/* Begin XCSwiftPackageProductDependency section */
		A60000000000000000000001 /* GlomoPaySDK */ = {isa = XCSwiftPackageProductDependency; package = A80000000000000000000001 /* XCLocalSwiftPackageReference ".." */; productName = GlomoPaySDK; };
/* End XCSwiftPackageProductDependency section */
	};
	rootObject = A50000000000000000000002 /* Project object */;
}
